{
  "version": 4,
  "terraform_version": "1.5.7",
  "serial": 64,
  "lineage": "d3f61c06-691d-6eac-4897-1da5442f4d73",
  "outputs": {},
  "resources": [
    {
      "mode": "managed",
      "type": "google_cloudfunctions_function",
      "name": "translate_function",
      "provider": "provider[\"registry.terraform.io/hashicorp/google\"]",
      "instances": [
        {
          "schema_version": 0,
          "attributes": {
            "available_memory_mb": 128,
            "build_environment_variables": null,
            "build_service_account": "projects/pretalab-aprofunda-crislaine/serviceAccounts/914907904966-compute@developer.gserviceaccount.com",
            "build_worker_pool": "",
            "description": "",
            "docker_registry": "ARTIFACT_REGISTRY",
            "docker_repository": "",
            "effective_labels": {
              "goog-terraform-provisioned": "true"
            },
            "entry_point": "translatePoem",
            "environment_variables": {
              "GOOGLE_TRANSLATE_API_KEY": "AIzaSyByhSy17gvnlcy9gx8IvUSFfuxIt0KmDdI",
              "PROJECT_ID": "pretalab-aprofunda-crislaine"
            },
            "event_trigger": [],
            "https_trigger_security_level": "SECURE_OPTIONAL",
            "https_trigger_url": "https://europe-west1-pretalab-aprofunda-crislaine.cloudfunctions.net/translatePoem",
            "id": "projects/pretalab-aprofunda-crislaine/locations/europe-west1/functions/translatePoem",
            "ingress_settings": "ALLOW_ALL",
            "kms_key_name": "",
            "labels": {},
            "max_instances": 0,
            "min_instances": 0,
            "name": "translatePoem",
            "project": "pretalab-aprofunda-crislaine",
            "region": "europe-west1",
            "runtime": "nodejs18",
            "secret_environment_variables": [],
            "secret_volumes": [],
            "service_account_email": "pretalab-aprofunda-crislaine@appspot.gserviceaccount.com",
            "source_archive_bucket": "pretalab-aprofunda-crislaine-cloud-functions",
            "source_archive_object": "function.zip",
            "source_repository": [],
            "status": "ACTIVE",
            "terraform_labels": {
              "goog-terraform-provisioned": "true"
            },
            "timeout": 60,
            "timeouts": null,
            "trigger_http": true,
            "version_id": "2",
            "vpc_connector": "",
            "vpc_connector_egress_settings": ""
          },
          "sensitive_attributes": [],
          "private": "eyJlMmJmYjczMC1lY2FhLTExZTYtOGY4OC0zNDM2M2JjN2M0YzAiOnsiY3JlYXRlIjoxMjAwMDAwMDAwMDAwLCJkZWxldGUiOjEyMDAwMDAwMDAwMDAsInJlYWQiOjEyMDAwMDAwMDAwMDAsInVwZGF0ZSI6MTIwMDAwMDAwMDAwMH19",
          "dependencies": [
            "google_storage_bucket.function_bucket",
            "google_storage_bucket_object.function_code"
          ]
        }
      ]
    },
    {
      "mode": "managed",
      "type": "google_storage_bucket",
      "name": "function_bucket",
      "provider": "provider[\"registry.terraform.io/hashicorp/google\"]",
      "instances": [
        {
          "schema_version": 3,
          "attributes": {
            "autoclass": [],
            "cors": [],
            "custom_placement_config": [],
            "default_event_based_hold": false,
            "effective_labels": {
              "goog-terraform-provisioned": "true"
            },
            "enable_object_retention": false,
            "encryption": [],
            "force_destroy": false,
            "hierarchical_namespace": [
              {
                "enabled": false
              }
            ],
            "id": "pretalab-aprofunda-crislaine-cloud-functions",
            "labels": {},
            "lifecycle_rule": [],
            "location": "EUROPE-WEST1",
            "logging": [],
            "name": "pretalab-aprofunda-crislaine-cloud-functions",
            "project": "pretalab-aprofunda-crislaine",
            "project_number": 914907904966,
            "public_access_prevention": "inherited",
            "requester_pays": false,
            "retention_policy": [],
            "rpo": null,
            "self_link": "https://www.googleapis.com/storage/v1/b/pretalab-aprofunda-crislaine-cloud-functions",
            "soft_delete_policy": [
              {
                "effective_time": "2024-11-06T00:18:15.646Z",
                "retention_duration_seconds": 604800
              }
            ],
            "storage_class": "STANDARD",
            "terraform_labels": {
              "goog-terraform-provisioned": "true"
            },
            "timeouts": null,
            "uniform_bucket_level_access": false,
            "url": "gs://pretalab-aprofunda-crislaine-cloud-functions",
            "versioning": [],
            "website": []
          },
          "sensitive_attributes": [],
          "private": "eyJlMmJmYjczMC1lY2FhLTExZTYtOGY4OC0zNDM2M2JjN2M0YzAiOnsiY3JlYXRlIjo2MDAwMDAwMDAwMDAsInJlYWQiOjI0MDAwMDAwMDAwMCwidXBkYXRlIjoyNDAwMDAwMDAwMDB9LCJzY2hlbWFfdmVyc2lvbiI6IjMifQ=="
        }
      ]
    },
    {
      "mode": "managed",
      "type": "google_storage_bucket_object",
      "name": "function_code",
      "provider": "provider[\"registry.terraform.io/hashicorp/google\"]",
      "instances": [
        {
          "schema_version": 0,
          "attributes": {
            "bucket": "pretalab-aprofunda-crislaine-cloud-functions",
            "cache_control": "",
            "content": null,
            "content_disposition": "",
            "content_encoding": "",
            "content_language": "",
            "content_type": "application/zip",
            "crc32c": "z9uCrg==",
            "customer_encryption": [],
            "detect_md5hash": "0d72Ap/d8tePIaFT6Zzkbw==",
            "event_based_hold": false,
            "generation": 1730855360003868,
            "id": "pretalab-aprofunda-crislaine-cloud-functions-function.zip",
            "kms_key_name": "",
            "md5hash": "0d72Ap/d8tePIaFT6Zzkbw==",
            "media_link": "https://storage.googleapis.com/download/storage/v1/b/pretalab-aprofunda-crislaine-cloud-functions/o/function.zip?generation=1730855360003868\u0026alt=media",
            "metadata": {},
            "name": "function.zip",
            "output_name": "function.zip",
            "retention": [],
            "self_link": "https://www.googleapis.com/storage/v1/b/pretalab-aprofunda-crislaine-cloud-functions/o/function.zip",
            "source": "cloud_function/function.zip",
            "storage_class": "STANDARD",
            "temporary_hold": false,
            "timeouts": null
          },
          "sensitive_attributes": [],
          "private": "eyJlMmJmYjczMC1lY2FhLTExZTYtOGY4OC0zNDM2M2JjN2M0YzAiOnsiY3JlYXRlIjoyNDAwMDAwMDAwMDAsImRlbGV0ZSI6MjQwMDAwMDAwMDAwLCJ1cGRhdGUiOjI0MDAwMDAwMDAwMH19",
          "dependencies": [
            "google_storage_bucket.function_bucket"
          ]
        }
      ]
    }
  ],
  "check_results": null
}
